
Microsoft Visual Studio Solution File, Format Version 12.00
# Visual Studio 15
VisualStudioVersion = 15.0.27428.2015
MinimumVisualStudioVersion = 10.0.40219.1
Project("{FAE04EC0-301F-11D3-BF4B-00C04F79EFBC}") = "WindowsFormsApp1", "WindowsFormsApp1\WindowsFormsApp1.csproj", "{353A5CAC-4202-4CB1-9141-40851954950B}"
EndProject
Global
	GlobalSection(SolutionConfigurationPlatforms) = preSolution
		Debug|Any CPU = Debug|Any CPU
		Release|Any CPU = Release|Any CPU
	EndGlobalSection
	GlobalSection(ProjectConfigurationPlatforms) = postSolution
		{353A5CAC-4202-4CB1-9141-40851954950B}.Debug|Any CPU.ActiveCfg = Debug|Any CPU
		{353A5CAC-4202-4CB1-9141-40851954950B}.Debug|Any CPU.Build.0 = Debug|Any CPU
		{353A5CAC-4202-4CB1-9141-40851954950B}.Release|Any CPU.ActiveCfg = Release|Any CPU
		{353A5CAC-4202-4CB1-9141-40851954950B}.Release|Any CPU.Build.0 = Release|Any CPU
	EndGlobalSection
	GlobalSection(SolutionProperties) = preSolution
		HideSolutionNode = FALSE
	EndGlobalSection
	GlobalSection(ExtensibilityGlobals) = postSolution
		SolutionGuid = {58601C79-E2D1-44E5-A813-4CD6BB975231}
	EndGlobalSection
EndGlobal
